// !$*UTF8*$!
{
	archiveVersion = 1;
	classes = {
	};
	objectVersion = 55;
	objects = {

/* Begin PBXBuildFile section */
		A84749922787518B00419FA1 /* ContentView.swift in Sources */ = {isa = PBXBuildFile; fileRef = A84749912787518B00419FA1 /* ContentView.swift */; };
		A84749962787519000419FA1 /* Assets.xcassets in Resources */ = {isa = PBXBuildFile; fileRef = A84749952787519000419FA1 /* Assets.xcassets */; };
		A84749992787519000419FA1 /* Preview Assets.xcassets in Resources */ = {isa = PBXBuildFile; fileRef = A84749982787519000419FA1 /* Preview Assets.xcassets */; };
		A84749A32787519000419FA1 /* ARPtorotypeTests.swift in Sources */ = {isa = PBXBuildFile; fileRef = A84749A22787519000419FA1 /* ARPtorotypeTests.swift */; };
		A84749AD2787519000419FA1 /* ARPtorotypeUITests.swift in Sources */ = {isa = PBXBuildFile; fileRef = A84749AC2787519000419FA1 /* ARPtorotypeUITests.swift */; };
		A84749AF2787519000419FA1 /* ARPtorotypeUITestsLaunchTests.swift in Sources */ = {isa = PBXBuildFile; fileRef = A84749AE2787519000419FA1 /* ARPtorotypeUITestsLaunchTests.swift */; };
		A857C652279097A500A6B5CC /* FirebaseAuth in Frameworks */ = {isa = PBXBuildFile; productRef = A857C651279097A500A6B5CC /* FirebaseAuth */; };
		A857C654279097A500A6B5CC /* FirebaseFirestore in Frameworks */ = {isa = PBXBuildFile; productRef = A857C653279097A500A6B5CC /* FirebaseFirestore */; };
		A857C656279097A500A6B5CC /* FirebaseFirestoreSwift-Beta in Frameworks */ = {isa = PBXBuildFile; productRef = A857C655279097A500A6B5CC /* FirebaseFirestoreSwift-Beta */; };
		A857C658279097A500A6B5CC /* FirebaseStorage in Frameworks */ = {isa = PBXBuildFile; productRef = A857C657279097A500A6B5CC /* FirebaseStorage */; };
		A857C65A279097A500A6B5CC /* FirebaseStorageSwift-Beta in Frameworks */ = {isa = PBXBuildFile; productRef = A857C659279097A500A6B5CC /* FirebaseStorageSwift-Beta */; };
		A857C6602790A0D000A6B5CC /* ARModelsViewModel.swift in Sources */ = {isa = PBXBuildFile; fileRef = A857C65F2790A0D000A6B5CC /* ARModelsViewModel.swift */; };
		A857C6612790A0D000A6B5CC /* ARModelsViewModel.swift in Sources */ = {isa = PBXBuildFile; fileRef = A857C65F2790A0D000A6B5CC /* ARModelsViewModel.swift */; };
		A857C6622790A0D000A6B5CC /* ARModelsViewModel.swift in Sources */ = {isa = PBXBuildFile; fileRef = A857C65F2790A0D000A6B5CC /* ARModelsViewModel.swift */; };
		A8615BE82789AF06001C0C01 /* ControlView.swift in Sources */ = {isa = PBXBuildFile; fileRef = A8615BE72789AF06001C0C01 /* ControlView.swift */; };
		A8615BEC2789BD11001C0C01 /* ControlVisibilityToggleButton.swift in Sources */ = {isa = PBXBuildFile; fileRef = A8615BEB2789BD11001C0C01 /* ControlVisibilityToggleButton.swift */; };
		A8615BEE2789BD22001C0C01 /* ControlButtonBar.swift in Sources */ = {isa = PBXBuildFile; fileRef = A8615BED2789BD22001C0C01 /* ControlButtonBar.swift */; };
		A880F4A827932D9D006409DB /* SceneManager.swift in Sources */ = {isa = PBXBuildFile; fileRef = A880F4A727932D9D006409DB /* SceneManager.swift */; };
		A880F4AA279332C1006409DB /* ControlModePicker.swift in Sources */ = {isa = PBXBuildFile; fileRef = A880F4A9279332C1006409DB /* ControlModePicker.swift */; };
		A880F4AC27933C08006409DB /* BrowseBar.swift in Sources */ = {isa = PBXBuildFile; fileRef = A880F4AB27933C08006409DB /* BrowseBar.swift */; };
		A880F4AE27933C2A006409DB /* SceneBar.swift in Sources */ = {isa = PBXBuildFile; fileRef = A880F4AD27933C2A006409DB /* SceneBar.swift */; };
		A880F4B0279342A4006409DB /* ScenePersistenceHelper.swift in Sources */ = {isa = PBXBuildFile; fileRef = A880F4AF279342A4006409DB /* ScenePersistenceHelper.swift */; };
		A8871320278C53EE00244956 /* ARPrototypeAP.swift in Sources */ = {isa = PBXBuildFile; fileRef = A887131F278C53EE00244956 /* ARPrototypeAP.swift */; };
		A8871323278CA54600244956 /* FocusEntity in Frameworks */ = {isa = PBXBuildFile; productRef = A8871322278CA54600244956 /* FocusEntity */; };
		A8871326278CA6D100244956 /* CustomARView.swift in Sources */ = {isa = PBXBuildFile; fileRef = A8871325278CA6D100244956 /* CustomARView.swift */; };
		A8871328278CA9FC00244956 /* ARViewContainer.swift in Sources */ = {isa = PBXBuildFile; fileRef = A8871327278CA9FC00244956 /* ARViewContainer.swift */; };
		A89551CB278A18E3004C25E0 /* PlacementSettings.swift in Sources */ = {isa = PBXBuildFile; fileRef = A89551CA278A18E3004C25E0 /* PlacementSettings.swift */; };
		A89551CE278A1E25004C25E0 /* PlacementButton.swift in Sources */ = {isa = PBXBuildFile; fileRef = A89551CD278A1E25004C25E0 /* PlacementButton.swift */; };
		A89551D0278A1EBE004C25E0 /* PlacementView.swift in Sources */ = {isa = PBXBuildFile; fileRef = A89551CF278A1EBE004C25E0 /* PlacementView.swift */; };
		A8C5EC2B2789E0EC00989E55 /* ARModel.swift in Sources */ = {isa = PBXBuildFile; fileRef = A8C5EC2A2789E0EC00989E55 /* ARModel.swift */; };
		A8C5EC2F2789E61D00989E55 /* CategoryGrid.swift in Sources */ = {isa = PBXBuildFile; fileRef = A8C5EC2E2789E61D00989E55 /* CategoryGrid.swift */; };
		A8C5EC312789FD6100989E55 /* ItemButton.swift in Sources */ = {isa = PBXBuildFile; fileRef = A8C5EC302789FD6100989E55 /* ItemButton.swift */; };
		A8CCE17D2789C196008F3A7B /* ControlButton.swift in Sources */ = {isa = PBXBuildFile; fileRef = A8CCE17C2789C196008F3A7B /* ControlButton.swift */; };
		A8CCE17F2789D4E8008F3A7B /* BrowseView.swift in Sources */ = {isa = PBXBuildFile; fileRef = A8CCE17E2789D4E8008F3A7B /* BrowseView.swift */; };
		A8CCE1822789DAE8008F3A7B /* HorizontalGrid.swift in Sources */ = {isa = PBXBuildFile; fileRef = A8CCE1812789DAE8008F3A7B /* HorizontalGrid.swift */; };
		A8D214B4278F30E8000023E4 /* MostRecentlyPlacedButton.swift in Sources */ = {isa = PBXBuildFile; fileRef = A8D214B3278F30E8000023E4 /* MostRecentlyPlacedButton.swift */; };
		A8D214B7278F35B7000023E4 /* ViewExtension.swift in Sources */ = {isa = PBXBuildFile; fileRef = A8D214B6278F35B7000023E4 /* ViewExtension.swift */; };
		A8D214B9278F3888000023E4 /* RecentsGrid.swift in Sources */ = {isa = PBXBuildFile; fileRef = A8D214B8278F3888000023E4 /* RecentsGrid.swift */; };
		A8D214BF278F8630000023E4 /* SessionSettings.swift in Sources */ = {isa = PBXBuildFile; fileRef = A8D214BE278F8630000023E4 /* SessionSettings.swift */; };
		A8D214C2278F8935000023E4 /* SettingsButton.swift in Sources */ = {isa = PBXBuildFile; fileRef = A8D214C1278F8935000023E4 /* SettingsButton.swift */; };
		A8D214C4278F8B6B000023E4 /* SettingsGrid.swift in Sources */ = {isa = PBXBuildFile; fileRef = A8D214C3278F8B6B000023E4 /* SettingsGrid.swift */; };
		A8D214C6278F8CAA000023E4 /* SettingsView.swift in Sources */ = {isa = PBXBuildFile; fileRef = A8D214C5278F8CAA000023E4 /* SettingsView.swift */; };
		A8E199492790CBAC00E39AD1 /* GoogleService-Info.plist in Resources */ = {isa = PBXBuildFile; fileRef = A8E199482790CBAC00E39AD1 /* GoogleService-Info.plist */; };
		A8E1994A2790CBAC00E39AD1 /* GoogleService-Info.plist in Resources */ = {isa = PBXBuildFile; fileRef = A8E199482790CBAC00E39AD1 /* GoogleService-Info.plist */; };
		A8E1994B2790CBAC00E39AD1 /* GoogleService-Info.plist in Resources */ = {isa = PBXBuildFile; fileRef = A8E199482790CBAC00E39AD1 /* GoogleService-Info.plist */; };
		A8ED100B2790AA2B00802CBF /* FirebaseStorageHelper.swift in Sources */ = {isa = PBXBuildFile; fileRef = A8ED100A2790AA2B00802CBF /* FirebaseStorageHelper.swift */; };
/* End PBXBuildFile section */

/* Begin PBXContainerItemProxy section */
		A847499F2787519000419FA1 /* PBXContainerItemProxy */ = {
			isa = PBXContainerItemProxy;
			containerPortal = A84749842787518B00419FA1 /* Project object */;
			proxyType = 1;
			remoteGlobalIDString = A847498B2787518B00419FA1;
			remoteInfo = ARPtorotype;
		};
		A84749A92787519000419FA1 /* PBXContainerItemProxy */ = {
			isa = PBXContainerItemProxy;
			containerPortal = A84749842787518B00419FA1 /* Project object */;
			proxyType = 1;
			remoteGlobalIDString = A847498B2787518B00419FA1;
			remoteInfo = ARPtorotype;
		};
/* End PBXContainerItemProxy section */

/* Begin PBXFileReference section */
		A847498C2787518B00419FA1 /* ARPtorotype.app */ = {isa = PBXFileReference; explicitFileType = wrapper.application; includeInIndex = 0; path = ARPtorotype.app; sourceTree = BUILT_PRODUCTS_DIR; };
		A84749912787518B00419FA1 /* ContentView.swift */ = {isa = PBXFileReference; lastKnownFileType = sourcecode.swift; path = ContentView.swift; sourceTree = "<group>"; };
		A84749952787519000419FA1 /* Assets.xcassets */ = {isa = PBXFileReference; lastKnownFileType = folder.assetcatalog; path = Assets.xcassets; sourceTree = "<group>"; };
		A84749982787519000419FA1 /* Preview Assets.xcassets */ = {isa = PBXFileReference; lastKnownFileType = folder.assetcatalog; path = "Preview Assets.xcassets"; sourceTree = "<group>"; };
		A847499E2787519000419FA1 /* ARPtorotypeTests.xctest */ = {isa = PBXFileReference; explicitFileType = wrapper.cfbundle; includeInIndex = 0; path = ARPtorotypeTests.xctest; sourceTree = BUILT_PRODUCTS_DIR; };
		A84749A22787519000419FA1 /* ARPtorotypeTests.swift */ = {isa = PBXFileReference; lastKnownFileType = sourcecode.swift; path = ARPtorotypeTests.swift; sourceTree = "<group>"; };
		A84749A82787519000419FA1 /* ARPtorotypeUITests.xctest */ = {isa = PBXFileReference; explicitFileType = wrapper.cfbundle; includeInIndex = 0; path = ARPtorotypeUITests.xctest; sourceTree = BUILT_PRODUCTS_DIR; };
		A84749AC2787519000419FA1 /* ARPtorotypeUITests.swift */ = {isa = PBXFileReference; lastKnownFileType = sourcecode.swift; path = ARPtorotypeUITests.swift; sourceTree = "<group>"; };
		A84749AE2787519000419FA1 /* ARPtorotypeUITestsLaunchTests.swift */ = {isa = PBXFileReference; lastKnownFileType = sourcecode.swift; path = ARPtorotypeUITestsLaunchTests.swift; sourceTree = "<group>"; };
		A857C65F2790A0D000A6B5CC /* ARModelsViewModel.swift */ = {isa = PBXFileReference; lastKnownFileType = sourcecode.swift; path = ARModelsViewModel.swift; sourceTree = "<group>"; };
		A8615BE72789AF06001C0C01 /* ControlView.swift */ = {isa = PBXFileReference; lastKnownFileType = sourcecode.swift; path = ControlView.swift; sourceTree = "<group>"; };
		A8615BEB2789BD11001C0C01 /* ControlVisibilityToggleButton.swift */ = {isa = PBXFileReference; lastKnownFileType = sourcecode.swift; path = ControlVisibilityToggleButton.swift; sourceTree = "<group>"; };
		A8615BED2789BD22001C0C01 /* ControlButtonBar.swift */ = {isa = PBXFileReference; lastKnownFileType = sourcecode.swift; path = ControlButtonBar.swift; sourceTree = "<group>"; };
		A880F4A727932D9D006409DB /* SceneManager.swift */ = {isa = PBXFileReference; lastKnownFileType = sourcecode.swift; path = SceneManager.swift; sourceTree = "<group>"; };
		A880F4A9279332C1006409DB /* ControlModePicker.swift */ = {isa = PBXFileReference; lastKnownFileType = sourcecode.swift; path = ControlModePicker.swift; sourceTree = "<group>"; };
		A880F4AB27933C08006409DB /* BrowseBar.swift */ = {isa = PBXFileReference; lastKnownFileType = sourcecode.swift; path = BrowseBar.swift; sourceTree = "<group>"; };
		A880F4AD27933C2A006409DB /* SceneBar.swift */ = {isa = PBXFileReference; lastKnownFileType = sourcecode.swift; path = SceneBar.swift; sourceTree = "<group>"; };
		A880F4AF279342A4006409DB /* ScenePersistenceHelper.swift */ = {isa = PBXFileReference; lastKnownFileType = sourcecode.swift; path = ScenePersistenceHelper.swift; sourceTree = "<group>"; };
		A887131F278C53EE00244956 /* ARPrototypeAP.swift */ = {isa = PBXFileReference; lastKnownFileType = sourcecode.swift; path = ARPrototypeAP.swift; sourceTree = "<group>"; };
		A8871325278CA6D100244956 /* CustomARView.swift */ = {isa = PBXFileReference; lastKnownFileType = sourcecode.swift; path = CustomARView.swift; sourceTree = "<group>"; };
		A8871327278CA9FC00244956 /* ARViewContainer.swift */ = {isa = PBXFileReference; lastKnownFileType = sourcecode.swift; path = ARViewContainer.swift; sourceTree = "<group>"; };
		A89551CA278A18E3004C25E0 /* PlacementSettings.swift */ = {isa = PBXFileReference; lastKnownFileType = sourcecode.swift; path = PlacementSettings.swift; sourceTree = "<group>"; };
		A89551CD278A1E25004C25E0 /* PlacementButton.swift */ = {isa = PBXFileReference; lastKnownFileType = sourcecode.swift; path = PlacementButton.swift; sourceTree = "<group>"; };
		A89551CF278A1EBE004C25E0 /* PlacementView.swift */ = {isa = PBXFileReference; lastKnownFileType = sourcecode.swift; path = PlacementView.swift; sourceTree = "<group>"; };
		A8C5EC2A2789E0EC00989E55 /* ARModel.swift */ = {isa = PBXFileReference; lastKnownFileType = sourcecode.swift; path = ARModel.swift; sourceTree = "<group>"; };
		A8C5EC2E2789E61D00989E55 /* CategoryGrid.swift */ = {isa = PBXFileReference; lastKnownFileType = sourcecode.swift; path = CategoryGrid.swift; sourceTree = "<group>"; };
		A8C5EC302789FD6100989E55 /* ItemButton.swift */ = {isa = PBXFileReference; lastKnownFileType = sourcecode.swift; path = ItemButton.swift; sourceTree = "<group>"; };
		A8CCE17C2789C196008F3A7B /* ControlButton.swift */ = {isa = PBXFileReference; lastKnownFileType = sourcecode.swift; path = ControlButton.swift; sourceTree = "<group>"; };
		A8CCE17E2789D4E8008F3A7B /* BrowseView.swift */ = {isa = PBXFileReference; lastKnownFileType = sourcecode.swift; path = BrowseView.swift; sourceTree = "<group>"; };
		A8CCE1812789DAE8008F3A7B /* HorizontalGrid.swift */ = {isa = PBXFileReference; lastKnownFileType = sourcecode.swift; path = HorizontalGrid.swift; sourceTree = "<group>"; };
		A8D214B3278F30E8000023E4 /* MostRecentlyPlacedButton.swift */ = {isa = PBXFileReference; lastKnownFileType = sourcecode.swift; path = MostRecentlyPlacedButton.swift; sourceTree = "<group>"; };
		A8D214B6278F35B7000023E4 /* ViewExtension.swift */ = {isa = PBXFileReference; lastKnownFileType = sourcecode.swift; path = ViewExtension.swift; sourceTree = "<group>"; };
		A8D214B8278F3888000023E4 /* RecentsGrid.swift */ = {isa = PBXFileReference; lastKnownFileType = sourcecode.swift; path = RecentsGrid.swift; sourceTree = "<group>"; };
		A8D214BE278F8630000023E4 /* SessionSettings.swift */ = {isa = PBXFileReference; lastKnownFileType = sourcecode.swift; path = SessionSettings.swift; sourceTree = "<group>"; };
		A8D214C1278F8935000023E4 /* SettingsButton.swift */ = {isa = PBXFileReference; lastKnownFileType = sourcecode.swift; path = SettingsButton.swift; sourceTree = "<group>"; };
		A8D214C3278F8B6B000023E4 /* SettingsGrid.swift */ = {isa = PBXFileReference; lastKnownFileType = sourcecode.swift; path = SettingsGrid.swift; sourceTree = "<group>"; };
		A8D214C5278F8CAA000023E4 /* SettingsView.swift */ = {isa = PBXFileReference; lastKnownFileType = sourcecode.swift; path = SettingsView.swift; sourceTree = "<group>"; };
		A8E199482790CBAC00E39AD1 /* GoogleService-Info.plist */ = {isa = PBXFileReference; fileEncoding = 4; lastKnownFileType = text.plist.xml; path = "GoogleService-Info.plist"; sourceTree = "<group>"; };
		A8ED100A2790AA2B00802CBF /* FirebaseStorageHelper.swift */ = {isa = PBXFileReference; lastKnownFileType = sourcecode.swift; path = FirebaseStorageHelper.swift; sourceTree = "<group>"; };
/* End PBXFileReference section */

/* Begin PBXFrameworksBuildPhase section */
		A84749892787518B00419FA1 /* Frameworks */ = {
			isa = PBXFrameworksBuildPhase;
			buildActionMask = 2147483647;
			files = (
				A8871323278CA54600244956 /* FocusEntity in Frameworks */,
				A857C656279097A500A6B5CC /* FirebaseFirestoreSwift-Beta in Frameworks */,
				A857C652279097A500A6B5CC /* FirebaseAuth in Frameworks */,
				A857C658279097A500A6B5CC /* FirebaseStorage in Frameworks */,
				A857C654279097A500A6B5CC /* FirebaseFirestore in Frameworks */,
				A857C65A279097A500A6B5CC /* FirebaseStorageSwift-Beta in Frameworks */,
			);
			runOnlyForDeploymentPostprocessing = 0;
		};
		A847499B2787519000419FA1 /* Frameworks */ = {
			isa = PBXFrameworksBuildPhase;
			buildActionMask = 2147483647;
			files = (
			);
			runOnlyForDeploymentPostprocessing = 0;
		};
		A84749A52787519000419FA1 /* Frameworks */ = {
			isa = PBXFrameworksBuildPhase;
			buildActionMask = 2147483647;
			files = (
			);
			runOnlyForDeploymentPostprocessing = 0;
		};
/* End PBXFrameworksBuildPhase section */

/* Begin PBXGroup section */
		A84749832787518B00419FA1 = {
			isa = PBXGroup;
			children = (
				A847498E2787518B00419FA1 /* ARPtorotype */,
				A84749A12787519000419FA1 /* ARPtorotypeTests */,
				A84749AB2787519000419FA1 /* ARPtorotypeUITests */,
				A847498D2787518B00419FA1 /* Products */,
			);
			sourceTree = "<group>";
		};
		A847498D2787518B00419FA1 /* Products */ = {
			isa = PBXGroup;
			children = (
				A847498C2787518B00419FA1 /* ARPtorotype.app */,
				A847499E2787519000419FA1 /* ARPtorotypeTests.xctest */,
				A84749A82787519000419FA1 /* ARPtorotypeUITests.xctest */,
			);
			name = Products;
			sourceTree = "<group>";
		};
		A847498E2787518B00419FA1 /* ARPtorotype */ = {
			isa = PBXGroup;
			children = (
				A887131F278C53EE00244956 /* ARPrototypeAP.swift */,
				A8615BE92789AF0D001C0C01 /* Views */,
				A857C64F2790771D00A6B5CC /* ViewModels */,
				A8C5EC272789DFC600989E55 /* Models */,
				A8ED10092790A9D000802CBF /* Helpers */,
				A8D214B5278F3576000023E4 /* Extensions */,
				A84749952787519000419FA1 /* Assets.xcassets */,
				A8E199482790CBAC00E39AD1 /* GoogleService-Info.plist */,
				A84749972787519000419FA1 /* Preview Content */,
			);
			path = ARPtorotype;
			sourceTree = "<group>";
		};
		A84749972787519000419FA1 /* Preview Content */ = {
			isa = PBXGroup;
			children = (
				A84749982787519000419FA1 /* Preview Assets.xcassets */,
			);
			path = "Preview Content";
			sourceTree = "<group>";
		};
		A84749A12787519000419FA1 /* ARPtorotypeTests */ = {
			isa = PBXGroup;
			children = (
				A84749A22787519000419FA1 /* ARPtorotypeTests.swift */,
			);
			path = ARPtorotypeTests;
			sourceTree = "<group>";
		};
		A84749AB2787519000419FA1 /* ARPtorotypeUITests */ = {
			isa = PBXGroup;
			children = (
				A84749AC2787519000419FA1 /* ARPtorotypeUITests.swift */,
				A84749AE2787519000419FA1 /* ARPtorotypeUITestsLaunchTests.swift */,
			);
			path = ARPtorotypeUITests;
			sourceTree = "<group>";
		};
		A857C64F2790771D00A6B5CC /* ViewModels */ = {
			isa = PBXGroup;
			children = (
				A857C65F2790A0D000A6B5CC /* ARModelsViewModel.swift */,
				A89551CA278A18E3004C25E0 /* PlacementSettings.swift */,
				A8D214BE278F8630000023E4 /* SessionSettings.swift */,
				A880F4A727932D9D006409DB /* SceneManager.swift */,
			);
			path = ViewModels;
			sourceTree = "<group>";
		};
		A8615BE92789AF0D001C0C01 /* Views */ = {
			isa = PBXGroup;
			children = (
				A84749912787518B00419FA1 /* ContentView.swift */,
				A8871324278CA6B100244956 /* ARViews */,
				A8615BEA2789BCC4001C0C01 /* ControlViews */,
				A8CCE1802789DAB1008F3A7B /* BrowseViews */,
				A89551CC278A1E02004C25E0 /* PlacementViews */,
				A8D214C0278F8768000023E4 /* SessionSettingsViews */,
			);
			path = Views;
			sourceTree = "<group>";
		};
		A8615BEA2789BCC4001C0C01 /* ControlViews */ = {
			isa = PBXGroup;
			children = (
				A8615BE72789AF06001C0C01 /* ControlView.swift */,
				A8615BEB2789BD11001C0C01 /* ControlVisibilityToggleButton.swift */,
				A8615BED2789BD22001C0C01 /* ControlButtonBar.swift */,
				A8CCE17C2789C196008F3A7B /* ControlButton.swift */,
				A8D214B3278F30E8000023E4 /* MostRecentlyPlacedButton.swift */,
				A880F4A9279332C1006409DB /* ControlModePicker.swift */,
				A880F4AB27933C08006409DB /* BrowseBar.swift */,
				A880F4AD27933C2A006409DB /* SceneBar.swift */,
			);
			path = ControlViews;
			sourceTree = "<group>";
		};
		A8871324278CA6B100244956 /* ARViews */ = {
			isa = PBXGroup;
			children = (
				A8871327278CA9FC00244956 /* ARViewContainer.swift */,
				A8871325278CA6D100244956 /* CustomARView.swift */,
			);
			path = ARViews;
			sourceTree = "<group>";
		};
		A89551CC278A1E02004C25E0 /* PlacementViews */ = {
			isa = PBXGroup;
			children = (
				A89551CF278A1EBE004C25E0 /* PlacementView.swift */,
				A89551CD278A1E25004C25E0 /* PlacementButton.swift */,
			);
			path = PlacementViews;
			sourceTree = "<group>";
		};
		A8C5EC272789DFC600989E55 /* Models */ = {
			isa = PBXGroup;
			children = (
				A8C5EC2A2789E0EC00989E55 /* ARModel.swift */,
			);
			path = Models;
			sourceTree = "<group>";
		};
		A8CCE1802789DAB1008F3A7B /* BrowseViews */ = {
			isa = PBXGroup;
			children = (
				A8CCE17E2789D4E8008F3A7B /* BrowseView.swift */,
				A8C5EC2E2789E61D00989E55 /* CategoryGrid.swift */,
				A8CCE1812789DAE8008F3A7B /* HorizontalGrid.swift */,
				A8D214B8278F3888000023E4 /* RecentsGrid.swift */,
				A8C5EC302789FD6100989E55 /* ItemButton.swift */,
			);
			path = BrowseViews;
			sourceTree = "<group>";
		};
		A8D214B5278F3576000023E4 /* Extensions */ = {
			isa = PBXGroup;
			children = (
				A8D214B6278F35B7000023E4 /* ViewExtension.swift */,
			);
			path = Extensions;
			sourceTree = "<group>";
		};
		A8D214C0278F8768000023E4 /* SessionSettingsViews */ = {
			isa = PBXGroup;
			children = (
				A8D214C5278F8CAA000023E4 /* SettingsView.swift */,
				A8D214C3278F8B6B000023E4 /* SettingsGrid.swift */,
				A8D214C1278F8935000023E4 /* SettingsButton.swift */,
			);
			path = SessionSettingsViews;
			sourceTree = "<group>";
		};
		A8ED10092790A9D000802CBF /* Helpers */ = {
			isa = PBXGroup;
			children = (
				A8ED100A2790AA2B00802CBF /* FirebaseStorageHelper.swift */,
				A880F4AF279342A4006409DB /* ScenePersistenceHelper.swift */,
			);
			path = Helpers;
			sourceTree = "<group>";
		};
/* End PBXGroup section */

/* Begin PBXNativeTarget section */
		A847498B2787518B00419FA1 /* ARPtorotype */ = {
			isa = PBXNativeTarget;
			buildConfigurationList = A84749B22787519000419FA1 /* Build configuration list for PBXNativeTarget "ARPtorotype" */;
			buildPhases = (
				A84749882787518B00419FA1 /* Sources */,
				A84749892787518B00419FA1 /* Frameworks */,
				A847498A2787518B00419FA1 /* Resources */,
			);
			buildRules = (
			);
			dependencies = (
			);
			name = ARPtorotype;
			packageProductDependencies = (
				A8871322278CA54600244956 /* FocusEntity */,
				A857C651279097A500A6B5CC /* FirebaseAuth */,
				A857C653279097A500A6B5CC /* FirebaseFirestore */,
				A857C655279097A500A6B5CC /* FirebaseFirestoreSwift-Beta */,
				A857C657279097A500A6B5CC /* FirebaseStorage */,
				A857C659279097A500A6B5CC /* FirebaseStorageSwift-Beta */,
			);
			productName = ARPtorotype;
			productReference = A847498C2787518B00419FA1 /* ARPtorotype.app */;
			productType = "com.apple.product-type.application";
		};
		A847499D2787519000419FA1 /* ARPtorotypeTests */ = {
			isa = PBXNativeTarget;
			buildConfigurationList = A84749B52787519000419FA1 /* Build configuration list for PBXNativeTarget "ARPtorotypeTests" */;
			buildPhases = (
				A847499A2787519000419FA1 /* Sources */,
				A847499B2787519000419FA1 /* Frameworks */,
				A847499C2787519000419FA1 /* Resources */,
			);
			buildRules = (
			);
			dependencies = (
				A84749A02787519000419FA1 /* PBXTargetDependency */,
			);
			name = ARPtorotypeTests;
			productName = ARPtorotypeTests;
			productReference = A847499E2787519000419FA1 /* ARPtorotypeTests.xctest */;
			productType = "com.apple.product-type.bundle.unit-test";
		};
		A84749A72787519000419FA1 /* ARPtorotypeUITests */ = {
			isa = PBXNativeTarget;
			buildConfigurationList = A84749B82787519000419FA1 /* Build configuration list for PBXNativeTarget "ARPtorotypeUITests" */;
			buildPhases = (
				A84749A42787519000419FA1 /* Sources */,
				A84749A52787519000419FA1 /* Frameworks */,
				A84749A62787519000419FA1 /* Resources */,
			);
			buildRules = (
			);
			dependencies = (
				A84749AA2787519000419FA1 /* PBXTargetDependency */,
			);
			name = ARPtorotypeUITests;
			productName = ARPtorotypeUITests;
			productReference = A84749A82787519000419FA1 /* ARPtorotypeUITests.xctest */;
			productType = "com.apple.product-type.bundle.ui-testing";
		};
/* End PBXNativeTarget section */

/* Begin PBXProject section */
		A84749842787518B00419FA1 /* Project object */ = {
			isa = PBXProject;
			attributes = {
				BuildIndependentTargetsInParallel = 1;
				LastSwiftUpdateCheck = 1320;
				LastUpgradeCheck = 1320;
				TargetAttributes = {
					A847498B2787518B00419FA1 = {
						CreatedOnToolsVersion = 13.2.1;
					};
					A847499D2787519000419FA1 = {
						CreatedOnToolsVersion = 13.2.1;
						TestTargetID = A847498B2787518B00419FA1;
					};
					A84749A72787519000419FA1 = {
						CreatedOnToolsVersion = 13.2.1;
						TestTargetID = A847498B2787518B00419FA1;
					};
				};
			};
			buildConfigurationList = A84749872787518B00419FA1 /* Build configuration list for PBXProject "ARPtorotype" */;
			compatibilityVersion = "Xcode 13.0";
			developmentRegion = en;
			hasScannedForEncodings = 0;
			knownRegions = (
				en,
				Base,
			);
			mainGroup = A84749832787518B00419FA1;
			packageReferences = (
				A8871321278CA54600244956 /* XCRemoteSwiftPackageReference "FocusEntity" */,
				A857C650279097A500A6B5CC /* XCRemoteSwiftPackageReference "firebase-ios-sdk" */,
			);
			productRefGroup = A847498D2787518B00419FA1 /* Products */;
			projectDirPath = "";
			projectRoot = "";
			targets = (
				A847498B2787518B00419FA1 /* ARPtorotype */,
				A847499D2787519000419FA1 /* ARPtorotypeTests */,
				A84749A72787519000419FA1 /* ARPtorotypeUITests */,
			);
		};
/* End PBXProject section */

/* Begin PBXResourcesBuildPhase section */
		A847498A2787518B00419FA1 /* Resources */ = {
			isa = PBXResourcesBuildPhase;
			buildActionMask = 2147483647;
			files = (
				A84749992787519000419FA1 /* Preview Assets.xcassets in Resources */,
				A84749962787519000419FA1 /* Assets.xcassets in Resources */,
				A8E199492790CBAC00E39AD1 /* GoogleService-Info.plist in Resources */,
			);
			runOnlyForDeploymentPostprocessing = 0;
		};
		A847499C2787519000419FA1 /* Resources */ = {
			isa = PBXResourcesBuildPhase;
			buildActionMask = 2147483647;
			files = (
				A8E1994A2790CBAC00E39AD1 /* GoogleService-Info.plist in Resources */,
			);
			runOnlyForDeploymentPostprocessing = 0;
		};
		A84749A62787519000419FA1 /* Resources */ = {
			isa = PBXResourcesBuildPhase;
			buildActionMask = 2147483647;
			files = (
				A8E1994B2790CBAC00E39AD1 /* GoogleService-Info.plist in Resources */,
			);
			runOnlyForDeploymentPostprocessing = 0;
		};
/* End PBXResourcesBuildPhase section */

/* Begin PBXSourcesBuildPhase section */
		A84749882787518B00419FA1 /* Sources */ = {
			isa = PBXSourcesBuildPhase;
			buildActionMask = 2147483647;
			files = (
				A84749922787518B00419FA1 /* ContentView.swift in Sources */,
				A8C5EC2F2789E61D00989E55 /* CategoryGrid.swift in Sources */,
				A8D214B9278F3888000023E4 /* RecentsGrid.swift in Sources */,
				A8615BEC2789BD11001C0C01 /* ControlVisibilityToggleButton.swift in Sources */,
				A89551CE278A1E25004C25E0 /* PlacementButton.swift in Sources */,
				A8CCE17F2789D4E8008F3A7B /* BrowseView.swift in Sources */,
				A880F4B0279342A4006409DB /* ScenePersistenceHelper.swift in Sources */,
				A880F4AA279332C1006409DB /* ControlModePicker.swift in Sources */,
				A8615BEE2789BD22001C0C01 /* ControlButtonBar.swift in Sources */,
				A8871328278CA9FC00244956 /* ARViewContainer.swift in Sources */,
				A8871326278CA6D100244956 /* CustomARView.swift in Sources */,
				A8D214C6278F8CAA000023E4 /* SettingsView.swift in Sources */,
				A8ED100B2790AA2B00802CBF /* FirebaseStorageHelper.swift in Sources */,
				A8D214C4278F8B6B000023E4 /* SettingsGrid.swift in Sources */,
				A8C5EC312789FD6100989E55 /* ItemButton.swift in Sources */,
				A8871320278C53EE00244956 /* ARPrototypeAP.swift in Sources */,
				A8CCE17D2789C196008F3A7B /* ControlButton.swift in Sources */,
				A89551CB278A18E3004C25E0 /* PlacementSettings.swift in Sources */,
				A857C6602790A0D000A6B5CC /* ARModelsViewModel.swift in Sources */,
				A8D214BF278F8630000023E4 /* SessionSettings.swift in Sources */,
				A8615BE82789AF06001C0C01 /* ControlView.swift in Sources */,
				A8C5EC2B2789E0EC00989E55 /* ARModel.swift in Sources */,
				A8D214B7278F35B7000023E4 /* ViewExtension.swift in Sources */,
				A880F4AE27933C2A006409DB /* SceneBar.swift in Sources */,
				A8D214B4278F30E8000023E4 /* MostRecentlyPlacedButton.swift in Sources */,
				A8CCE1822789DAE8008F3A7B /* HorizontalGrid.swift in Sources */,
				A8D214C2278F8935000023E4 /* SettingsButton.swift in Sources */,
				A880F4AC27933C08006409DB /* BrowseBar.swift in Sources */,
				A880F4A827932D9D006409DB /* SceneManager.swift in Sources */,
				A89551D0278A1EBE004C25E0 /* PlacementView.swift in Sources */,
			);
			runOnlyForDeploymentPostprocessing = 0;
		};
		A847499A2787519000419FA1 /* Sources */ = {
			isa = PBXSourcesBuildPhase;
			buildActionMask = 2147483647;
			files = (
				A84749A32787519000419FA1 /* ARPtorotypeTests.swift in Sources */,
				A857C6612790A0D000A6B5CC /* ARModelsViewModel.swift in Sources */,
			);
			runOnlyForDeploymentPostprocessing = 0;
		};
		A84749A42787519000419FA1 /* Sources */ = {
			isa = PBXSourcesBuildPhase;
			buildActionMask = 2147483647;
			files = (
				A84749AF2787519000419FA1 /* ARPtorotypeUITestsLaunchTests.swift in Sources */,
				A857C6622790A0D000A6B5CC /* ARModelsViewModel.swift in Sources */,
				A84749AD2787519000419FA1 /* ARPtorotypeUITests.swift in Sources */,
			);
			runOnlyForDeploymentPostprocessing = 0;
		};
/* End PBXSourcesBuildPhase section */

/* Begin PBXTargetDependency section */
		A84749A02787519000419FA1 /* PBXTargetDependency */ = {
			isa = PBXTargetDependency;
			target = A847498B2787518B00419FA1 /* ARPtorotype */;
			targetProxy = A847499F2787519000419FA1 /* PBXContainerItemProxy */;
		};
		A84749AA2787519000419FA1 /* PBXTargetDependency */ = {
			isa = PBXTargetDependency;
			target = A847498B2787518B00419FA1 /* ARPtorotype */;
			targetProxy = A84749A92787519000419FA1 /* PBXContainerItemProxy */;
		};
/* End PBXTargetDependency section */

/* Begin XCBuildConfiguration section */
		A84749B02787519000419FA1 /* Debug */ = {
			isa = XCBuildConfiguration;
			buildSettings = {
				ALWAYS_SEARCH_USER_PATHS = NO;
				CLANG_ANALYZER_NONNULL = YES;
				CLANG_ANALYZER_NUMBER_OBJECT_CONVERSION = YES_AGGRESSIVE;
				CLANG_CXX_LANGUAGE_STANDARD = "gnu++17";
				CLANG_CXX_LIBRARY = "libc++";
				CLANG_ENABLE_MODULES = YES;
				CLANG_ENABLE_OBJC_ARC = YES;
				CLANG_ENABLE_OBJC_WEAK = YES;
				CLANG_WARN_BLOCK_CAPTURE_AUTORELEASING = YES;
				CLANG_WARN_BOOL_CONVERSION = YES;
				CLANG_WARN_COMMA = YES;
				CLANG_WARN_CONSTANT_CONVERSION = YES;
				CLANG_WARN_DEPRECATED_OBJC_IMPLEMENTATIONS = YES;
				CLANG_WARN_DIRECT_OBJC_ISA_USAGE = YES_ERROR;
				CLANG_WARN_DOCUMENTATION_COMMENTS = YES;
				CLANG_WARN_EMPTY_BODY = YES;
				CLANG_WARN_ENUM_CONVERSION = YES;
				CLANG_WARN_INFINITE_RECURSION = YES;
				CLANG_WARN_INT_CONVERSION = YES;
				CLANG_WARN_NON_LITERAL_NULL_CONVERSION = YES;
				CLANG_WARN_OBJC_IMPLICIT_RETAIN_SELF = YES;
				CLANG_WARN_OBJC_LITERAL_CONVERSION = YES;
				CLANG_WARN_OBJC_ROOT_CLASS = YES_ERROR;
				CLANG_WARN_QUOTED_INCLUDE_IN_FRAMEWORK_HEADER = YES;
				CLANG_WARN_RANGE_LOOP_ANALYSIS = YES;
				CLANG_WARN_STRICT_PROTOTYPES = YES;
				CLANG_WARN_SUSPICIOUS_MOVE = YES;
				CLANG_WARN_UNGUARDED_AVAILABILITY = YES_AGGRESSIVE;
				CLANG_WARN_UNREACHABLE_CODE = YES;
				CLANG_WARN__DUPLICATE_METHOD_MATCH = YES;
				COPY_PHASE_STRIP = NO;
				DEBUG_INFORMATION_FORMAT = dwarf;
				ENABLE_STRICT_OBJC_MSGSEND = YES;
				ENABLE_TESTABILITY = YES;
				GCC_C_LANGUAGE_STANDARD = gnu11;
				GCC_DYNAMIC_NO_PIC = NO;
				GCC_NO_COMMON_BLOCKS = YES;
				GCC_OPTIMIZATION_LEVEL = 0;
				GCC_PREPROCESSOR_DEFINITIONS = (
					"DEBUG=1",
					"$(inherited)",
				);
				GCC_WARN_64_TO_32_BIT_CONVERSION = YES;
				GCC_WARN_ABOUT_RETURN_TYPE = YES_ERROR;
				GCC_WARN_UNDECLARED_SELECTOR = YES;
				GCC_WARN_UNINITIALIZED_AUTOS = YES_AGGRESSIVE;
				GCC_WARN_UNUSED_FUNCTION = YES;
				GCC_WARN_UNUSED_VARIABLE = YES;
				IPHONEOS_DEPLOYMENT_TARGET = 15.2;
				MTL_ENABLE_DEBUG_INFO = INCLUDE_SOURCE;
				MTL_FAST_MATH = YES;
				ONLY_ACTIVE_ARCH = YES;
				SDKROOT = iphoneos;
				SWIFT_ACTIVE_COMPILATION_CONDITIONS = DEBUG;
				SWIFT_OPTIMIZATION_LEVEL = "-Onone";
			};
			name = Debug;
		};
		A84749B12787519000419FA1 /* Release */ = {
			isa = XCBuildConfiguration;
			buildSettings = {
				ALWAYS_SEARCH_USER_PATHS = NO;
				CLANG_ANALYZER_NONNULL = YES;
				CLANG_ANALYZER_NUMBER_OBJECT_CONVERSION = YES_AGGRESSIVE;
				CLANG_CXX_LANGUAGE_STANDARD = "gnu++17";
				CLANG_CXX_LIBRARY = "libc++";
				CLANG_ENABLE_MODULES = YES;
				CLANG_ENABLE_OBJC_ARC = YES;
				CLANG_ENABLE_OBJC_WEAK = YES;
				CLANG_WARN_BLOCK_CAPTURE_AUTORELEASING = YES;
				CLANG_WARN_BOOL_CONVERSION = YES;
				CLANG_WARN_COMMA = YES;
				CLANG_WARN_CONSTANT_CONVERSION = YES;
				CLANG_WARN_DEPRECATED_OBJC_IMPLEMENTATIONS = YES;
				CLANG_WARN_DIRECT_OBJC_ISA_USAGE = YES_ERROR;
				CLANG_WARN_DOCUMENTATION_COMMENTS = YES;
				CLANG_WARN_EMPTY_BODY = YES;
				CLANG_WARN_ENUM_CONVERSION = YES;
				CLANG_WARN_INFINITE_RECURSION = YES;
				CLANG_WARN_INT_CONVERSION = YES;
				CLANG_WARN_NON_LITERAL_NULL_CONVERSION = YES;
				CLANG_WARN_OBJC_IMPLICIT_RETAIN_SELF = YES;
				CLANG_WARN_OBJC_LITERAL_CONVERSION = YES;
				CLANG_WARN_OBJC_ROOT_CLASS = YES_ERROR;
				CLANG_WARN_QUOTED_INCLUDE_IN_FRAMEWORK_HEADER = YES;
				CLANG_WARN_RANGE_LOOP_ANALYSIS = YES;
				CLANG_WARN_STRICT_PROTOTYPES = YES;
				CLANG_WARN_SUSPICIOUS_MOVE = YES;
				CLANG_WARN_UNGUARDED_AVAILABILITY = YES_AGGRESSIVE;
				CLANG_WARN_UNREACHABLE_CODE = YES;
				CLANG_WARN__DUPLICATE_METHOD_MATCH = YES;
				COPY_PHASE_STRIP = NO;
				DEBUG_INFORMATION_FORMAT = "dwarf-with-dsym";
				ENABLE_NS_ASSERTIONS = NO;
				ENABLE_STRICT_OBJC_MSGSEND = YES;
				GCC_C_LANGUAGE_STANDARD = gnu11;
				GCC_NO_COMMON_BLOCKS = YES;
				GCC_WARN_64_TO_32_BIT_CONVERSION = YES;
				GCC_WARN_ABOUT_RETURN_TYPE = YES_ERROR;
				GCC_WARN_UNDECLARED_SELECTOR = YES;
				GCC_WARN_UNINITIALIZED_AUTOS = YES_AGGRESSIVE;
				GCC_WARN_UNUSED_FUNCTION = YES;
				GCC_WARN_UNUSED_VARIABLE = YES;
				IPHONEOS_DEPLOYMENT_TARGET = 15.2;
				MTL_ENABLE_DEBUG_INFO = NO;
				MTL_FAST_MATH = YES;
				SDKROOT = iphoneos;
				SWIFT_COMPILATION_MODE = wholemodule;
				SWIFT_OPTIMIZATION_LEVEL = "-O";
				VALIDATE_PRODUCT = YES;
			};
			name = Release;
		};
		A84749B32787519000419FA1 /* Debug */ = {
			isa = XCBuildConfiguration;
			buildSettings = {
				ASSETCATALOG_COMPILER_APPICON_NAME = AppIcon;
				ASSETCATALOG_COMPILER_GLOBAL_ACCENT_COLOR_NAME = AccentColor;
				CODE_SIGN_STYLE = Automatic;
				CURRENT_PROJECT_VERSION = 1;
				DEVELOPMENT_ASSET_PATHS = "\"ARPtorotype/Preview Content\"";
				DEVELOPMENT_TEAM = 7QM3B3CVCZ;
				ENABLE_PREVIEWS = YES;
				GENERATE_INFOPLIST_FILE = YES;
				INFOPLIST_KEY_NSCameraUsageDescription = "Required for AR experience";
				INFOPLIST_KEY_UIApplicationSupportsIndirectInputEvents = YES;
				INFOPLIST_KEY_UILaunchScreen_Generation = YES;
				INFOPLIST_KEY_UIRequiredDeviceCapabilities = arkit;
				INFOPLIST_KEY_UIStatusBarHidden = YES;
				INFOPLIST_KEY_UISupportedInterfaceOrientations_iPad = "UIInterfaceOrientationPortrait UIInterfaceOrientationPortraitUpsideDown UIInterfaceOrientationLandscapeLeft UIInterfaceOrientationLandscapeRight";
				INFOPLIST_KEY_UISupportedInterfaceOrientations_iPhone = "UIInterfaceOrientationPortrait UIInterfaceOrientationLandscapeLeft UIInterfaceOrientationLandscapeRight";
				LD_RUNPATH_SEARCH_PATHS = (
					"$(inherited)",
					"@executable_path/Frameworks",
				);
				MARKETING_VERSION = 1.0;
				PRODUCT_BUNDLE_IDENTIFIER = com.kaligula.ARPtorotype;
				PRODUCT_NAME = "$(TARGET_NAME)";
				SWIFT_EMIT_LOC_STRINGS = YES;
				SWIFT_VERSION = 5.0;
				TARGETED_DEVICE_FAMILY = "1,2";
			};
			name = Debug;
		};
		A84749B42787519000419FA1 /* Release */ = {
			isa = XCBuildConfiguration;
			buildSettings = {
				ASSETCATALOG_COMPILER_APPICON_NAME = AppIcon;
				ASSETCATALOG_COMPILER_GLOBAL_ACCENT_COLOR_NAME = AccentColor;
				CODE_SIGN_STYLE = Automatic;
				CURRENT_PROJECT_VERSION = 1;
				DEVELOPMENT_ASSET_PATHS = "\"ARPtorotype/Preview Content\"";
				DEVELOPMENT_TEAM = 7QM3B3CVCZ;
				ENABLE_PREVIEWS = YES;
				GENERATE_INFOPLIST_FILE = YES;
				INFOPLIST_KEY_NSCameraUsageDescription = "Required for AR experience";
				INFOPLIST_KEY_UIApplicationSupportsIndirectInputEvents = YES;
				INFOPLIST_KEY_UILaunchScreen_Generation = YES;
				INFOPLIST_KEY_UIRequiredDeviceCapabilities = arkit;
				INFOPLIST_KEY_UIStatusBarHidden = YES;
				INFOPLIST_KEY_UISupportedInterfaceOrientations_iPad = "UIInterfaceOrientationPortrait UIInterfaceOrientationPortraitUpsideDown UIInterfaceOrientationLandscapeLeft UIInterfaceOrientationLandscapeRight";
				INFOPLIST_KEY_UISupportedInterfaceOrientations_iPhone = "UIInterfaceOrientationPortrait UIInterfaceOrientationLandscapeLeft UIInterfaceOrientationLandscapeRight";
				LD_RUNPATH_SEARCH_PATHS = (
					"$(inherited)",
					"@executable_path/Frameworks",
				);
				MARKETING_VERSION = 1.0;
				PRODUCT_BUNDLE_IDENTIFIER = com.kaligula.ARPtorotype;
				PRODUCT_NAME = "$(TARGET_NAME)";
				SWIFT_EMIT_LOC_STRINGS = YES;
				SWIFT_VERSION = 5.0;
				TARGETED_DEVICE_FAMILY = "1,2";
			};
			name = Release;
		};
		A84749B62787519000419FA1 /* Debug */ = {
			isa = XCBuildConfiguration;
			buildSettings = {
				ALWAYS_EMBED_SWIFT_STANDARD_LIBRARIES = YES;
				BUNDLE_LOADER = "$(TEST_HOST)";
				CODE_SIGN_STYLE = Automatic;
				CURRENT_PROJECT_VERSION = 1;
				DEVELOPMENT_TEAM = 7QM3B3CVCZ;
				GENERATE_INFOPLIST_FILE = YES;
				IPHONEOS_DEPLOYMENT_TARGET = 15.2;
				MARKETING_VERSION = 1.0;
				PRODUCT_BUNDLE_IDENTIFIER = com.kaligula.ARPtorotypeTests;
				PRODUCT_NAME = "$(TARGET_NAME)";
				SWIFT_EMIT_LOC_STRINGS = NO;
				SWIFT_VERSION = 5.0;
				TARGETED_DEVICE_FAMILY = "1,2";
				TEST_HOST = "$(BUILT_PRODUCTS_DIR)/ARPtorotype.app/ARPtorotype";
			};
			name = Debug;
		};
		A84749B72787519000419FA1 /* Release */ = {
			isa = XCBuildConfiguration;
			buildSettings = {
				ALWAYS_EMBED_SWIFT_STANDARD_LIBRARIES = YES;
				BUNDLE_LOADER = "$(TEST_HOST)";
				CODE_SIGN_STYLE = Automatic;
				CURRENT_PROJECT_VERSION = 1;
				DEVELOPMENT_TEAM = 7QM3B3CVCZ;
				GENERATE_INFOPLIST_FILE = YES;
				IPHONEOS_DEPLOYMENT_TARGET = 15.2;
				MARKETING_VERSION = 1.0;
				PRODUCT_BUNDLE_IDENTIFIER = com.kaligula.ARPtorotypeTests;
				PRODUCT_NAME = "$(TARGET_NAME)";
				SWIFT_EMIT_LOC_STRINGS = NO;
				SWIFT_VERSION = 5.0;
				TARGETED_DEVICE_FAMILY = "1,2";
				TEST_HOST = "$(BUILT_PRODUCTS_DIR)/ARPtorotype.app/ARPtorotype";
			};
			name = Release;
		};
		A84749B92787519000419FA1 /* Debug */ = {
			isa = XCBuildConfiguration;
			buildSettings = {
				ALWAYS_EMBED_SWIFT_STANDARD_LIBRARIES = YES;
				CODE_SIGN_STYLE = Automatic;
				CURRENT_PROJECT_VERSION = 1;
				DEVELOPMENT_TEAM = 7QM3B3CVCZ;
				GENERATE_INFOPLIST_FILE = YES;
				MARKETING_VERSION = 1.0;
				PRODUCT_BUNDLE_IDENTIFIER = com.kaligula.ARPtorotypeUITests;
				PRODUCT_NAME = "$(TARGET_NAME)";
				SWIFT_EMIT_LOC_STRINGS = NO;
				SWIFT_VERSION = 5.0;
				TARGETED_DEVICE_FAMILY = "1,2";
				TEST_TARGET_NAME = ARPtorotype;
			};
			name = Debug;
		};
		A84749BA2787519000419FA1 /* Release */ = {
			isa = XCBuildConfiguration;
			buildSettings = {
				ALWAYS_EMBED_SWIFT_STANDARD_LIBRARIES = YES;
				CODE_SIGN_STYLE = Automatic;
				CURRENT_PROJECT_VERSION = 1;
				DEVELOPMENT_TEAM = 7QM3B3CVCZ;
				GENERATE_INFOPLIST_FILE = YES;
				MARKETING_VERSION = 1.0;
				PRODUCT_BUNDLE_IDENTIFIER = com.kaligula.ARPtorotypeUITests;
				PRODUCT_NAME = "$(TARGET_NAME)";
				SWIFT_EMIT_LOC_STRINGS = NO;
				SWIFT_VERSION = 5.0;
				TARGETED_DEVICE_FAMILY = "1,2";
				TEST_TARGET_NAME = ARPtorotype;
			};
			name = Release;
		};
/* End XCBuildConfiguration section */

/* Begin XCConfigurationList section */
		A84749872787518B00419FA1 /* Build configuration list for PBXProject "ARPtorotype" */ = {
			isa = XCConfigurationList;
			buildConfigurations = (
				A84749B02787519000419FA1 /* Debug */,
				A84749B12787519000419FA1 /* Release */,
			);
			defaultConfigurationIsVisible = 0;
			defaultConfigurationName = Release;
		};
		A84749B22787519000419FA1 /* Build configuration list for PBXNativeTarget "ARPtorotype" */ = {
			isa = XCConfigurationList;
			buildConfigurations = (
				A84749B32787519000419FA1 /* Debug */,
				A84749B42787519000419FA1 /* Release */,
			);
			defaultConfigurationIsVisible = 0;
			defaultConfigurationName = Release;
		};
		A84749B52787519000419FA1 /* Build configuration list for PBXNativeTarget "ARPtorotypeTests" */ = {
			isa = XCConfigurationList;
			buildConfigurations = (
				A84749B62787519000419FA1 /* Debug */,
				A84749B72787519000419FA1 /* Release */,
			);
			defaultConfigurationIsVisible = 0;
			defaultConfigurationName = Release;
		};
		A84749B82787519000419FA1 /* Build configuration list for PBXNativeTarget "ARPtorotypeUITests" */ = {
			isa = XCConfigurationList;
			buildConfigurations = (
				A84749B92787519000419FA1 /* Debug */,
				A84749BA2787519000419FA1 /* Release */,
			);
			defaultConfigurationIsVisible = 0;
			defaultConfigurationName = Release;
		};
/* End XCConfigurationList section */

/* Begin XCRemoteSwiftPackageReference section */
		A857C650279097A500A6B5CC /* XCRemoteSwiftPackageReference "firebase-ios-sdk" */ = {
			isa = XCRemoteSwiftPackageReference;
			repositoryURL = "https://github.com/firebase/firebase-ios-sdk.git";
			requirement = {
				kind = upToNextMajorVersion;
				minimumVersion = 8.0.0;
			};
		};
		A8871321278CA54600244956 /* XCRemoteSwiftPackageReference "FocusEntity" */ = {
			isa = XCRemoteSwiftPackageReference;
			repositoryURL = "https://github.com/maxxfrazer/FocusEntity";
			requirement = {
				kind = upToNextMajorVersion;
				minimumVersion = 2.0.0;
			};
		};
/* End XCRemoteSwiftPackageReference section */

/* Begin XCSwiftPackageProductDependency section */
		A857C651279097A500A6B5CC /* FirebaseAuth */ = {
			isa = XCSwiftPackageProductDependency;
			package = A857C650279097A500A6B5CC /* XCRemoteSwiftPackageReference "firebase-ios-sdk" */;
			productName = FirebaseAuth;
		};
		A857C653279097A500A6B5CC /* FirebaseFirestore */ = {
			isa = XCSwiftPackageProductDependency;
			package = A857C650279097A500A6B5CC /* XCRemoteSwiftPackageReference "firebase-ios-sdk" */;
			productName = FirebaseFirestore;
		};
		A857C655279097A500A6B5CC /* FirebaseFirestoreSwift-Beta */ = {
			isa = XCSwiftPackageProductDependency;
			package = A857C650279097A500A6B5CC /* XCRemoteSwiftPackageReference "firebase-ios-sdk" */;
			productName = "FirebaseFirestoreSwift-Beta";
		};
		A857C657279097A500A6B5CC /* FirebaseStorage */ = {
			isa = XCSwiftPackageProductDependency;
			package = A857C650279097A500A6B5CC /* XCRemoteSwiftPackageReference "firebase-ios-sdk" */;
			productName = FirebaseStorage;
		};
		A857C659279097A500A6B5CC /* FirebaseStorageSwift-Beta */ = {
			isa = XCSwiftPackageProductDependency;
			package = A857C650279097A500A6B5CC /* XCRemoteSwiftPackageReference "firebase-ios-sdk" */;
			productName = "FirebaseStorageSwift-Beta";
		};
		A8871322278CA54600244956 /* FocusEntity */ = {
			isa = XCSwiftPackageProductDependency;
			package = A8871321278CA54600244956 /* XCRemoteSwiftPackageReference "FocusEntity" */;
			productName = FocusEntity;
		};
/* End XCSwiftPackageProductDependency section */
	};
	rootObject = A84749842787518B00419FA1 /* Project object */;
}
